Microsoft Visual Studio Solution File, Format Version 12.00
# Visual Studio Version 17
VisualStudioVersion = 17.5.2.0
MinimumVisualStudioVersion = 10.0.40219.1
Project("{FAE04EC0-301F-11D3-BF4B-00C04F79EFBC}") = "application.spd", "application.spd.csproj", "{69935C89-0899-03A0-5CAD-BFBAF0154594}"
EndProject
Global
	GlobalSection(SolutionConfigurationPlatforms) = preSolution
		Debug|Any CPU = Debug|Any CPU
		Release|Any CPU = Release|Any CPU
	EndGlobalSection
	GlobalSection(ProjectConfigurationPlatforms) = postSolution
		{69935C89-0899-03A0-5CAD-BFBAF0154594}.Debug|Any CPU.ActiveCfg = Debug|Any CPU
		{69935C89-0899-03A0-5CAD-BFBAF0154594}.Debug|Any CPU.Build.0 = Debug|Any CPU
		{69935C89-0899-03A0-5CAD-BFBAF0154594}.Release|Any CPU.ActiveCfg = Release|Any CPU
		{69935C89-0899-03A0-5CAD-BFBAF0154594}.Release|Any CPU.Build.0 = Release|Any CPU
	EndGlobalSection
	GlobalSection(SolutionProperties) = preSolution
		HideSolutionNode = FALSE
	EndGlobalSection
	GlobalSection(ExtensibilityGlobals) = postSolution
		SolutionGuid = {87B80961-59C1-404C-ABC9-4D5F17918433}
	EndGlobalSection
EndGlobal
